
Microsoft Visual Studio Solution File, Format Version 12.00
# Visual Studio Version 16
VisualStudioVersion = 16.0.29324.140
MinimumVisualStudioVersion = 10.0.40219.1
Project("{656346D9-4656-40DA-A068-22D5425D4639}") = "test_gpio", "test_gpio.elements", "{92C9CE71-FC19-4C3E-BBE1-C6440D4C7DE3}"
EndProject
Global
	GlobalSection(SolutionConfigurationPlatforms) = preSolution
		Debug|Default = Debug|Default
		Release|Default = Release|Default
	EndGlobalSection
	GlobalSection(ProjectConfigurationPlatforms) = postSolution
		{92C9CE71-FC19-4C3E-BBE1-C6440D4C7DE3}.Debug|Default.ActiveCfg = Debug
		{92C9CE71-FC19-4C3E-BBE1-C6440D4C7DE3}.Debug|Default.Build.0 = Debug
		{92C9CE71-FC19-4C3E-BBE1-C6440D4C7DE3}.Debug|Default.Deploy.0 = Debug
		{92C9CE71-FC19-4C3E-BBE1-C6440D4C7DE3}.Release|Default.ActiveCfg = Release
		{92C9CE71-FC19-4C3E-BBE1-C6440D4C7DE3}.Release|Default.Build.0 = Release
	EndGlobalSection
	GlobalSection(SolutionProperties) = preSolution
		HideSolutionNode = FALSE
	EndGlobalSection
	GlobalSection(ExtensibilityGlobals) = postSolution
		SolutionGuid = {FF48C4A4-9B66-45A5-8260-08CB9270E612}
	EndGlobalSection
EndGlobal
