
Microsoft Visual Studio Solution File, Format Version 12.00
# Visual Studio Version 16
VisualStudioVersion = 16.0.29102.190
MinimumVisualStudioVersion = 10.0.40219.1
Project("{656346D9-4656-40DA-A068-22D5425D4639}") = "test_remoteio_led", "test_remoteio_led.elements", "{C792917F-E701-4182-A2A7-C518A775E910}"
EndProject
Global
	GlobalSection(SolutionConfigurationPlatforms) = preSolution
		Debug|Default = Debug|Default
		Release|Default = Release|Default
	EndGlobalSection
	GlobalSection(ProjectConfigurationPlatforms) = postSolution
		{C792917F-E701-4182-A2A7-C518A775E910}.Debug|Default.ActiveCfg = Debug
		{C792917F-E701-4182-A2A7-C518A775E910}.Debug|Default.Build.0 = Debug
		{C792917F-E701-4182-A2A7-C518A775E910}.Debug|Default.Deploy.0 = Debug
		{C792917F-E701-4182-A2A7-C518A775E910}.Release|Default.ActiveCfg = Release
		{C792917F-E701-4182-A2A7-C518A775E910}.Release|Default.Build.0 = Release
	EndGlobalSection
	GlobalSection(SolutionProperties) = preSolution
		HideSolutionNode = FALSE
	EndGlobalSection
	GlobalSection(ExtensibilityGlobals) = postSolution
		SolutionGuid = {B67FE169-2D99-4A96-A580-C59CEA3A1F67}
	EndGlobalSection
EndGlobal
