
Microsoft Visual Studio Solution File, Format Version 12.00
# Visual Studio Version 17
VisualStudioVersion = 17.11.35222.181
MinimumVisualStudioVersion = 10.0.40219.1
Project("{FAE04EC0-301F-11D3-BF4B-00C04F79EFBC}") = "test_led", "test_led.csproj", "{BAFFE9AF-357C-4693-8321-6115A78E48BD}"
EndProject
Global
	GlobalSection(SolutionConfigurationPlatforms) = preSolution
		Debug|Any CPU = Debug|Any CPU
		Release|Any CPU = Release|Any CPU
	EndGlobalSection
	GlobalSection(ProjectConfigurationPlatforms) = postSolution
		{BAFFE9AF-357C-4693-8321-6115A78E48BD}.Debug|Any CPU.ActiveCfg = Debug|Any CPU
		{BAFFE9AF-357C-4693-8321-6115A78E48BD}.Debug|Any CPU.Build.0 = Debug|Any CPU
		{BAFFE9AF-357C-4693-8321-6115A78E48BD}.Release|Any CPU.ActiveCfg = Release|Any CPU
		{BAFFE9AF-357C-4693-8321-6115A78E48BD}.Release|Any CPU.Build.0 = Release|Any CPU
	EndGlobalSection
	GlobalSection(SolutionProperties) = preSolution
		HideSolutionNode = FALSE
	EndGlobalSection
	GlobalSection(ExtensibilityGlobals) = postSolution
		SolutionGuid = {C4B059AD-3BB4-41B7-BFDE-A3601A4D8369}
	EndGlobalSection
EndGlobal
