Microsoft Visual Studio Solution File, Format Version 12.00
# Visual Studio 15
VisualStudioVersion = 15.0.27130.0
MinimumVisualStudioVersion = 10.0.40219.1
Project("{FAE04EC0-301F-11D3-BF4B-00C04F79EFBC}") = "libsimpleio", "libsimpleio.csproj", "{7D0DF521-552E-4454-BF27-C03E4C2F3C60}"
EndProject
Project("{7CF6DF6D-3B04-46F8-A40B-537D21BCA0B4}") = "libsimpleio", "libsimpleio.shfbproj", "{73BA411C-885B-403E-840C-76A3865C2267}"
	ProjectSection(ProjectDependencies) = postProject
		{7D0DF521-552E-4454-BF27-C03E4C2F3C60} = {7D0DF521-552E-4454-BF27-C03E4C2F3C60}
	EndProjectSection
EndProject
Global
	GlobalSection(SolutionConfigurationPlatforms) = preSolution
		Debug|Any CPU = Debug|Any CPU
		Release|Any CPU = Release|Any CPU
	EndGlobalSection
	GlobalSection(ProjectConfigurationPlatforms) = postSolution
		{7D0DF521-552E-4454-BF27-C03E4C2F3C60}.Debug|Any CPU.ActiveCfg = Debug|Any CPU
		{7D0DF521-552E-4454-BF27-C03E4C2F3C60}.Debug|Any CPU.Build.0 = Debug|Any CPU
		{7D0DF521-552E-4454-BF27-C03E4C2F3C60}.Release|Any CPU.ActiveCfg = Release|Any CPU
		{7D0DF521-552E-4454-BF27-C03E4C2F3C60}.Release|Any CPU.Build.0 = Release|Any CPU
		{73BA411C-885B-403E-840C-76A3865C2267}.Debug|Any CPU.ActiveCfg = Debug|Any CPU
		{73BA411C-885B-403E-840C-76A3865C2267}.Debug|Any CPU.Build.0 = Debug|Any CPU
		{73BA411C-885B-403E-840C-76A3865C2267}.Release|Any CPU.ActiveCfg = Release|Any CPU
		{73BA411C-885B-403E-840C-76A3865C2267}.Release|Any CPU.Build.0 = Release|Any CPU
	EndGlobalSection
	GlobalSection(SolutionProperties) = preSolution
		HideSolutionNode = FALSE
	EndGlobalSection
	GlobalSection(ExtensibilityGlobals) = postSolution
		SolutionGuid = {A8882910-3C22-468E-AB26-8BD6FF559451}
	EndGlobalSection
EndGlobal
