
Microsoft Visual Studio Solution File, Format Version 12.00
# Visual Studio Version 16
VisualStudioVersion = 16.0.29102.190
MinimumVisualStudioVersion = 10.0.40219.1
Project("{656346D9-4656-40DA-A068-22D5425D4639}") = "test_simpleio_gpio", "test_simpleio_gpio.elements", "{2FB77A67-E7D8-43BB-95D1-514FEC481EF1}"
EndProject
Global
	GlobalSection(SolutionConfigurationPlatforms) = preSolution
		Debug|Default = Debug|Default
		Release|Default = Release|Default
	EndGlobalSection
	GlobalSection(ProjectConfigurationPlatforms) = postSolution
		{2FB77A67-E7D8-43BB-95D1-514FEC481EF1}.Debug|Default.ActiveCfg = Debug
		{2FB77A67-E7D8-43BB-95D1-514FEC481EF1}.Debug|Default.Build.0 = Debug
		{2FB77A67-E7D8-43BB-95D1-514FEC481EF1}.Debug|Default.Deploy.0 = Debug
		{2FB77A67-E7D8-43BB-95D1-514FEC481EF1}.Release|Default.ActiveCfg = Release
		{2FB77A67-E7D8-43BB-95D1-514FEC481EF1}.Release|Default.Build.0 = Release
	EndGlobalSection
	GlobalSection(SolutionProperties) = preSolution
		HideSolutionNode = FALSE
	EndGlobalSection
	GlobalSection(ExtensibilityGlobals) = postSolution
		SolutionGuid = {C5DCCA72-29DA-4CD1-9092-C2A96E010D86}
	EndGlobalSection
EndGlobal
