
Microsoft Visual Studio Solution File, Format Version 12.00
# Visual Studio Version 17
VisualStudioVersion = 17.3.32901.215
MinimumVisualStudioVersion = 10.0.40219.1
Project("{FAE04EC0-301F-11D3-BF4B-00C04F79EFBC}") = "test_led", "test_led.csproj", "{7C3FE9ED-AC3E-469E-BFDE-D7D705BA8659}"
EndProject
Global
	GlobalSection(SolutionConfigurationPlatforms) = preSolution
		Debug|Any CPU = Debug|Any CPU
		Release|Any CPU = Release|Any CPU
	EndGlobalSection
	GlobalSection(ProjectConfigurationPlatforms) = postSolution
		{7C3FE9ED-AC3E-469E-BFDE-D7D705BA8659}.Debug|Any CPU.ActiveCfg = Debug|Any CPU
		{7C3FE9ED-AC3E-469E-BFDE-D7D705BA8659}.Debug|Any CPU.Build.0 = Debug|Any CPU
		{7C3FE9ED-AC3E-469E-BFDE-D7D705BA8659}.Release|Any CPU.ActiveCfg = Release|Any CPU
		{7C3FE9ED-AC3E-469E-BFDE-D7D705BA8659}.Release|Any CPU.Build.0 = Release|Any CPU
	EndGlobalSection
	GlobalSection(SolutionProperties) = preSolution
		HideSolutionNode = FALSE
	EndGlobalSection
	GlobalSection(ExtensibilityGlobals) = postSolution
		SolutionGuid = {D6689557-9668-41FC-AA76-8293B32BE4A6}
	EndGlobalSection
EndGlobal
