
Microsoft Visual Studio Solution File, Format Version 12.00
# Visual Studio Version 16
VisualStudioVersion = 16.0.30011.22
MinimumVisualStudioVersion = 10.0.40219.1
Project("{656346D9-4656-40DA-A068-22D5425D4639}") = "test_7seg_click", "test_7seg_click.elements", "{2E86C283-D862-4D3E-89D3-5103D9C8B5A4}"
EndProject
Global
	GlobalSection(SolutionConfigurationPlatforms) = preSolution
		Debug|Default = Debug|Default
		Release|Default = Release|Default
	EndGlobalSection
	GlobalSection(ProjectConfigurationPlatforms) = postSolution
		{2E86C283-D862-4D3E-89D3-5103D9C8B5A4}.Debug|Default.ActiveCfg = Debug
		{2E86C283-D862-4D3E-89D3-5103D9C8B5A4}.Debug|Default.Build.0 = Debug
		{2E86C283-D862-4D3E-89D3-5103D9C8B5A4}.Debug|Default.Deploy.0 = Debug
		{2E86C283-D862-4D3E-89D3-5103D9C8B5A4}.Release|Default.ActiveCfg = Release
		{2E86C283-D862-4D3E-89D3-5103D9C8B5A4}.Release|Default.Build.0 = Release
	EndGlobalSection
	GlobalSection(SolutionProperties) = preSolution
		HideSolutionNode = FALSE
	EndGlobalSection
	GlobalSection(ExtensibilityGlobals) = postSolution
		SolutionGuid = {05D3CCE6-F8FF-4E10-87E2-F09ED1D40EB1}
	EndGlobalSection
EndGlobal
