
Microsoft Visual Studio Solution File, Format Version 12.00
# Visual Studio Version 16
VisualStudioVersion = 16.0.30503.244
MinimumVisualStudioVersion = 10.0.40219.1
Project("{FAE04EC0-301F-11D3-BF4B-00C04F79EFBC}") = "test_email_mail", "test_email_mail.csproj", "{F115418E-F10D-4716-95A5-5913AB0F730B}"
EndProject
Global
	GlobalSection(SolutionConfigurationPlatforms) = preSolution
		Debug|Any CPU = Debug|Any CPU
		Release|Any CPU = Release|Any CPU
	EndGlobalSection
	GlobalSection(ProjectConfigurationPlatforms) = postSolution
		{F115418E-F10D-4716-95A5-5913AB0F730B}.Debug|Any CPU.ActiveCfg = Debug|Any CPU
		{F115418E-F10D-4716-95A5-5913AB0F730B}.Debug|Any CPU.Build.0 = Debug|Any CPU
		{F115418E-F10D-4716-95A5-5913AB0F730B}.Release|Any CPU.ActiveCfg = Release|Any CPU
		{F115418E-F10D-4716-95A5-5913AB0F730B}.Release|Any CPU.Build.0 = Release|Any CPU
	EndGlobalSection
	GlobalSection(SolutionProperties) = preSolution
		HideSolutionNode = FALSE
	EndGlobalSection
	GlobalSection(ExtensibilityGlobals) = postSolution
		SolutionGuid = {9584C286-F07B-4C78-90FF-6622DDAD35DE}
	EndGlobalSection
EndGlobal
