Microsoft Visual Studio Solution File, Format Version 12.00
# Visual Studio 15
VisualStudioVersion = 15.0.27130.2026
MinimumVisualStudioVersion = 10.0.40219.1
Project("{FAE04EC0-301F-11D3-BF4B-00C04F79EFBC}") = "test_gpio_button_led", "test_gpio_button_led.csproj", "{396E72C1-8C9F-4017-BE6A-419A1625C59B}"
EndProject
Global
	GlobalSection(SolutionConfigurationPlatforms) = preSolution
		Debug|Any CPU = Debug|Any CPU
		Release|Any CPU = Release|Any CPU
	EndGlobalSection
	GlobalSection(ProjectConfigurationPlatforms) = postSolution
		{396E72C1-8C9F-4017-BE6A-419A1625C59B}.Debug|Any CPU.ActiveCfg = Debug|Any CPU
		{396E72C1-8C9F-4017-BE6A-419A1625C59B}.Debug|Any CPU.Build.0 = Debug|Any CPU
		{396E72C1-8C9F-4017-BE6A-419A1625C59B}.Release|Any CPU.ActiveCfg = Release|Any CPU
		{396E72C1-8C9F-4017-BE6A-419A1625C59B}.Release|Any CPU.Build.0 = Release|Any CPU
	EndGlobalSection
	GlobalSection(SolutionProperties) = preSolution
		HideSolutionNode = FALSE
	EndGlobalSection
	GlobalSection(ExtensibilityGlobals) = postSolution
		SolutionGuid = {FAECD253-795A-494F-B3A9-1FA3AB93B32E}
	EndGlobalSection
EndGlobal
