
Microsoft Visual Studio Solution File, Format Version 12.00
# Visual Studio 15
VisualStudioVersion = 15.0.26124.0
MinimumVisualStudioVersion = 15.0.26124.0
Project("{FAE04EC0-301F-11D3-BF4B-00C04F79EFBC}") = "test_gpio_button_led", "test_gpio_button_led.csproj", "{E327B0D1-D426-4B05-BE1A-3A3DC90B096A}"
EndProject
Global
	GlobalSection(SolutionConfigurationPlatforms) = preSolution
		Debug|Any CPU = Debug|Any CPU
		Debug|x64 = Debug|x64
		Debug|x86 = Debug|x86
		Release|Any CPU = Release|Any CPU
		Release|x64 = Release|x64
		Release|x86 = Release|x86
	EndGlobalSection
	GlobalSection(SolutionProperties) = preSolution
		HideSolutionNode = FALSE
	EndGlobalSection
	GlobalSection(ProjectConfigurationPlatforms) = postSolution
		{E327B0D1-D426-4B05-BE1A-3A3DC90B096A}.Debug|Any CPU.ActiveCfg = Debug|Any CPU
		{E327B0D1-D426-4B05-BE1A-3A3DC90B096A}.Debug|Any CPU.Build.0 = Debug|Any CPU
		{E327B0D1-D426-4B05-BE1A-3A3DC90B096A}.Debug|x64.ActiveCfg = Debug|Any CPU
		{E327B0D1-D426-4B05-BE1A-3A3DC90B096A}.Debug|x64.Build.0 = Debug|Any CPU
		{E327B0D1-D426-4B05-BE1A-3A3DC90B096A}.Debug|x86.ActiveCfg = Debug|Any CPU
		{E327B0D1-D426-4B05-BE1A-3A3DC90B096A}.Debug|x86.Build.0 = Debug|Any CPU
		{E327B0D1-D426-4B05-BE1A-3A3DC90B096A}.Release|Any CPU.ActiveCfg = Release|Any CPU
		{E327B0D1-D426-4B05-BE1A-3A3DC90B096A}.Release|Any CPU.Build.0 = Release|Any CPU
		{E327B0D1-D426-4B05-BE1A-3A3DC90B096A}.Release|x64.ActiveCfg = Release|Any CPU
		{E327B0D1-D426-4B05-BE1A-3A3DC90B096A}.Release|x64.Build.0 = Release|Any CPU
		{E327B0D1-D426-4B05-BE1A-3A3DC90B096A}.Release|x86.ActiveCfg = Release|Any CPU
		{E327B0D1-D426-4B05-BE1A-3A3DC90B096A}.Release|x86.Build.0 = Release|Any CPU
	EndGlobalSection
EndGlobal
