
Microsoft Visual Studio Solution File, Format Version 12.00
# Visual Studio Version 17
VisualStudioVersion = 17.11.35222.181
MinimumVisualStudioVersion = 10.0.40219.1
Project("{FAE04EC0-301F-11D3-BF4B-00C04F79EFBC}") = "test_led", "test_led.csproj", "{C9E276BE-104F-4F51-A495-38EFB467CC64}"
EndProject
Global
	GlobalSection(SolutionConfigurationPlatforms) = preSolution
		Debug|Any CPU = Debug|Any CPU
		Release|Any CPU = Release|Any CPU
	EndGlobalSection
	GlobalSection(ProjectConfigurationPlatforms) = postSolution
		{C9E276BE-104F-4F51-A495-38EFB467CC64}.Debug|Any CPU.ActiveCfg = Debug|Any CPU
		{C9E276BE-104F-4F51-A495-38EFB467CC64}.Debug|Any CPU.Build.0 = Debug|Any CPU
		{C9E276BE-104F-4F51-A495-38EFB467CC64}.Release|Any CPU.ActiveCfg = Release|Any CPU
		{C9E276BE-104F-4F51-A495-38EFB467CC64}.Release|Any CPU.Build.0 = Release|Any CPU
	EndGlobalSection
	GlobalSection(SolutionProperties) = preSolution
		HideSolutionNode = FALSE
	EndGlobalSection
	GlobalSection(ExtensibilityGlobals) = postSolution
		SolutionGuid = {F6D71D15-6F74-4AA3-B9E0-2BC7C7AF3382}
	EndGlobalSection
EndGlobal
