
Microsoft Visual Studio Solution File, Format Version 12.00
# Visual Studio Version 16
VisualStudioVersion = 16.0.29102.190
MinimumVisualStudioVersion = 10.0.40219.1
Project("{656346D9-4656-40DA-A068-22D5425D4639}") = "test_adc", "test_adc.elements", "{14CD8ECC-5693-460B-BD2D-903BFD9837C4}"
EndProject
Global
	GlobalSection(SolutionConfigurationPlatforms) = preSolution
		Debug|Default = Debug|Default
		Release|Default = Release|Default
	EndGlobalSection
	GlobalSection(ProjectConfigurationPlatforms) = postSolution
		{14CD8ECC-5693-460B-BD2D-903BFD9837C4}.Debug|Default.ActiveCfg = Debug
		{14CD8ECC-5693-460B-BD2D-903BFD9837C4}.Debug|Default.Build.0 = Debug
		{14CD8ECC-5693-460B-BD2D-903BFD9837C4}.Debug|Default.Deploy.0 = Debug
		{14CD8ECC-5693-460B-BD2D-903BFD9837C4}.Release|Default.ActiveCfg = Release
		{14CD8ECC-5693-460B-BD2D-903BFD9837C4}.Release|Default.Build.0 = Release
	EndGlobalSection
	GlobalSection(SolutionProperties) = preSolution
		HideSolutionNode = FALSE
	EndGlobalSection
	GlobalSection(ExtensibilityGlobals) = postSolution
		SolutionGuid = {D3F688CB-CA58-4115-BF75-99CA1C937D91}
	EndGlobalSection
EndGlobal
