
Microsoft Visual Studio Solution File, Format Version 12.00
# Visual Studio Version 16
VisualStudioVersion = 16.0.29102.190
MinimumVisualStudioVersion = 10.0.40219.1
Project("{656346D9-4656-40DA-A068-22D5425D4639}") = "test_simpleio_gpio", "test_simpleio_gpio.elements", "{4F8BB076-5147-4C99-A4BB-7F9D3A447AD0}"
EndProject
Global
	GlobalSection(SolutionConfigurationPlatforms) = preSolution
		Debug|Default = Debug|Default
		Release|Default = Release|Default
	EndGlobalSection
	GlobalSection(ProjectConfigurationPlatforms) = postSolution
		{4F8BB076-5147-4C99-A4BB-7F9D3A447AD0}.Debug|Default.ActiveCfg = Debug
		{4F8BB076-5147-4C99-A4BB-7F9D3A447AD0}.Debug|Default.Build.0 = Debug
		{4F8BB076-5147-4C99-A4BB-7F9D3A447AD0}.Debug|Default.Deploy.0 = Debug
		{4F8BB076-5147-4C99-A4BB-7F9D3A447AD0}.Release|Default.ActiveCfg = Release
		{4F8BB076-5147-4C99-A4BB-7F9D3A447AD0}.Release|Default.Build.0 = Release
	EndGlobalSection
	GlobalSection(SolutionProperties) = preSolution
		HideSolutionNode = FALSE
	EndGlobalSection
	GlobalSection(ExtensibilityGlobals) = postSolution
		SolutionGuid = {C0404F06-B5BE-4796-B805-666F25BE9D13}
	EndGlobalSection
EndGlobal
