
Microsoft Visual Studio Solution File, Format Version 12.00
# Visual Studio Version 16
VisualStudioVersion = 16.0.29102.190
MinimumVisualStudioVersion = 10.0.40219.1
Project("{656346D9-4656-40DA-A068-22D5425D4639}") = "test_remoteio_led", "test_remoteio_led.elements", "{E8DB1481-06CB-4539-BD75-44242400955A}"
EndProject
Global
	GlobalSection(SolutionConfigurationPlatforms) = preSolution
		Debug|Default = Debug|Default
		Release|Default = Release|Default
	EndGlobalSection
	GlobalSection(ProjectConfigurationPlatforms) = postSolution
		{E8DB1481-06CB-4539-BD75-44242400955A}.Debug|Default.ActiveCfg = Debug
		{E8DB1481-06CB-4539-BD75-44242400955A}.Debug|Default.Build.0 = Debug
		{E8DB1481-06CB-4539-BD75-44242400955A}.Debug|Default.Deploy.0 = Debug
		{E8DB1481-06CB-4539-BD75-44242400955A}.Release|Default.ActiveCfg = Release
		{E8DB1481-06CB-4539-BD75-44242400955A}.Release|Default.Build.0 = Release
	EndGlobalSection
	GlobalSection(SolutionProperties) = preSolution
		HideSolutionNode = FALSE
	EndGlobalSection
	GlobalSection(ExtensibilityGlobals) = postSolution
		SolutionGuid = {8792B4E8-C951-46B9-9F0C-D7ACF2DAD6C7}
	EndGlobalSection
EndGlobal
