
Microsoft Visual Studio Solution File, Format Version 12.00
# Visual Studio 15
VisualStudioVersion = 15.0.26124.0
MinimumVisualStudioVersion = 15.0.26124.0
Project("{FAE04EC0-301F-11D3-BF4B-00C04F79EFBC}") = "test_adc121c021", "test_adc121c021.csproj", "{889D000D-812E-419C-9407-A46AFC123EBA}"
EndProject
Global
	GlobalSection(SolutionConfigurationPlatforms) = preSolution
		Debug|Any CPU = Debug|Any CPU
		Debug|x64 = Debug|x64
		Debug|x86 = Debug|x86
		Release|Any CPU = Release|Any CPU
		Release|x64 = Release|x64
		Release|x86 = Release|x86
	EndGlobalSection
	GlobalSection(SolutionProperties) = preSolution
		HideSolutionNode = FALSE
	EndGlobalSection
	GlobalSection(ProjectConfigurationPlatforms) = postSolution
		{889D000D-812E-419C-9407-A46AFC123EBA}.Debug|Any CPU.ActiveCfg = Debug|Any CPU
		{889D000D-812E-419C-9407-A46AFC123EBA}.Debug|Any CPU.Build.0 = Debug|Any CPU
		{889D000D-812E-419C-9407-A46AFC123EBA}.Debug|x64.ActiveCfg = Debug|Any CPU
		{889D000D-812E-419C-9407-A46AFC123EBA}.Debug|x64.Build.0 = Debug|Any CPU
		{889D000D-812E-419C-9407-A46AFC123EBA}.Debug|x86.ActiveCfg = Debug|Any CPU
		{889D000D-812E-419C-9407-A46AFC123EBA}.Debug|x86.Build.0 = Debug|Any CPU
		{889D000D-812E-419C-9407-A46AFC123EBA}.Release|Any CPU.ActiveCfg = Release|Any CPU
		{889D000D-812E-419C-9407-A46AFC123EBA}.Release|Any CPU.Build.0 = Release|Any CPU
		{889D000D-812E-419C-9407-A46AFC123EBA}.Release|x64.ActiveCfg = Release|Any CPU
		{889D000D-812E-419C-9407-A46AFC123EBA}.Release|x64.Build.0 = Release|Any CPU
		{889D000D-812E-419C-9407-A46AFC123EBA}.Release|x86.ActiveCfg = Release|Any CPU
		{889D000D-812E-419C-9407-A46AFC123EBA}.Release|x86.Build.0 = Release|Any CPU
	EndGlobalSection
EndGlobal
