Microsoft Visual Studio Solution File, Format Version 12.00
# Visual Studio 15
VisualStudioVersion = 15.0.27130.2026
MinimumVisualStudioVersion = 10.0.40219.1
Project("{FAE04EC0-301F-11D3-BF4B-00C04F79EFBC}") = "test_query", "test_query.csproj", "{BDBD04D1-5B47-46B5-8189-5A169B177A21}"
EndProject
Global
	GlobalSection(SolutionConfigurationPlatforms) = preSolution
		Debug|Any CPU = Debug|Any CPU
		Release|Any CPU = Release|Any CPU
	EndGlobalSection
	GlobalSection(ProjectConfigurationPlatforms) = postSolution
		{BDBD04D1-5B47-46B5-8189-5A169B177A21}.Debug|Any CPU.ActiveCfg = Debug|Any CPU
		{BDBD04D1-5B47-46B5-8189-5A169B177A21}.Debug|Any CPU.Build.0 = Debug|Any CPU
		{BDBD04D1-5B47-46B5-8189-5A169B177A21}.Release|Any CPU.ActiveCfg = Release|Any CPU
		{BDBD04D1-5B47-46B5-8189-5A169B177A21}.Release|Any CPU.Build.0 = Release|Any CPU
	EndGlobalSection
	GlobalSection(SolutionProperties) = preSolution
		HideSolutionNode = FALSE
	EndGlobalSection
	GlobalSection(ExtensibilityGlobals) = postSolution
		SolutionGuid = {5EFD1B6E-E852-4A6C-9E78-F613AC74B27F}
	EndGlobalSection
EndGlobal
