
Microsoft Visual Studio Solution File, Format Version 12.00
# Visual Studio Version 16
VisualStudioVersion = 16.0.29102.190
MinimumVisualStudioVersion = 10.0.40219.1
Project("{656346D9-4656-40DA-A068-22D5425D4639}") = "testwatchdog", "testwatchdog.elements", "{97C85AEA-8DD1-4461-80E9-112E767C92D9}"
EndProject
Global
	GlobalSection(SolutionConfigurationPlatforms) = preSolution
		Debug|Default = Debug|Default
		Release|Default = Release|Default
	EndGlobalSection
	GlobalSection(ProjectConfigurationPlatforms) = postSolution
		{97C85AEA-8DD1-4461-80E9-112E767C92D9}.Debug|Default.ActiveCfg = Debug
		{97C85AEA-8DD1-4461-80E9-112E767C92D9}.Debug|Default.Build.0 = Debug
		{97C85AEA-8DD1-4461-80E9-112E767C92D9}.Debug|Default.Deploy.0 = Debug
		{97C85AEA-8DD1-4461-80E9-112E767C92D9}.Release|Default.ActiveCfg = Release
		{97C85AEA-8DD1-4461-80E9-112E767C92D9}.Release|Default.Build.0 = Release
	EndGlobalSection
	GlobalSection(SolutionProperties) = preSolution
		HideSolutionNode = FALSE
	EndGlobalSection
	GlobalSection(ExtensibilityGlobals) = postSolution
		SolutionGuid = {B32A993E-CFD6-438C-9751-F548E089395A}
	EndGlobalSection
EndGlobal
