Microsoft Visual Studio Solution File, Format Version 12.00
# Visual Studio Version 16
VisualStudioVersion = 16.0.29728.190
MinimumVisualStudioVersion = 10.0.40219.1
Project("{9A19103F-16F7-4668-BE54-9A1E7A4F7556}") = "libsimpleio", "libsimpleio.csproj", "{59F8B927-AF91-4F80-8627-FA7970ED65AB}"
EndProject
Project("{7CF6DF6D-3B04-46F8-A40B-537D21BCA0B4}") = "libsimpleio", "libsimpleio.shfbproj", "{96328C7B-6929-4F8A-B8A7-A33E49861E31}"
EndProject
Global
	GlobalSection(SolutionConfigurationPlatforms) = preSolution
		Debug|Any CPU = Debug|Any CPU
		Release|Any CPU = Release|Any CPU
	EndGlobalSection
	GlobalSection(ProjectConfigurationPlatforms) = postSolution
		{59F8B927-AF91-4F80-8627-FA7970ED65AB}.Debug|Any CPU.ActiveCfg = Debug|Any CPU
		{59F8B927-AF91-4F80-8627-FA7970ED65AB}.Debug|Any CPU.Build.0 = Debug|Any CPU
		{59F8B927-AF91-4F80-8627-FA7970ED65AB}.Release|Any CPU.ActiveCfg = Release|Any CPU
		{59F8B927-AF91-4F80-8627-FA7970ED65AB}.Release|Any CPU.Build.0 = Release|Any CPU
		{96328C7B-6929-4F8A-B8A7-A33E49861E31}.Debug|Any CPU.ActiveCfg = Debug|Any CPU
		{96328C7B-6929-4F8A-B8A7-A33E49861E31}.Debug|Any CPU.Build.0 = Debug|Any CPU
		{96328C7B-6929-4F8A-B8A7-A33E49861E31}.Release|Any CPU.ActiveCfg = Release|Any CPU
		{96328C7B-6929-4F8A-B8A7-A33E49861E31}.Release|Any CPU.Build.0 = Release|Any CPU
	EndGlobalSection
	GlobalSection(SolutionProperties) = preSolution
		HideSolutionNode = FALSE
	EndGlobalSection
	GlobalSection(ExtensibilityGlobals) = postSolution
		SolutionGuid = {33F7F977-0BD4-4FC8-B84A-BC35D306804D}
	EndGlobalSection
EndGlobal
