
Microsoft Visual Studio Solution File, Format Version 12.00
# Visual Studio Version 16
VisualStudioVersion = 16.0.30114.105
MinimumVisualStudioVersion = 10.0.40219.1
Project("{FAE04EC0-301F-11D3-BF4B-00C04F79EFBC}") = "test_syslog", "test_syslog.csproj", "{C44E5A09-2C57-497B-B245-54FE6BDCF5B0}"
EndProject
Global
	GlobalSection(SolutionConfigurationPlatforms) = preSolution
		Debug|Any CPU = Debug|Any CPU
		Release|Any CPU = Release|Any CPU
	EndGlobalSection
	GlobalSection(SolutionProperties) = preSolution
		HideSolutionNode = FALSE
	EndGlobalSection
	GlobalSection(ProjectConfigurationPlatforms) = postSolution
		{C44E5A09-2C57-497B-B245-54FE6BDCF5B0}.Debug|Any CPU.ActiveCfg = Debug|Any CPU
		{C44E5A09-2C57-497B-B245-54FE6BDCF5B0}.Debug|Any CPU.Build.0 = Debug|Any CPU
		{C44E5A09-2C57-497B-B245-54FE6BDCF5B0}.Release|Any CPU.ActiveCfg = Release|Any CPU
		{C44E5A09-2C57-497B-B245-54FE6BDCF5B0}.Release|Any CPU.Build.0 = Release|Any CPU
	EndGlobalSection
EndGlobal
