
Microsoft Visual Studio Solution File, Format Version 12.00
# Visual Studio 15
VisualStudioVersion = 15.0.26124.0
MinimumVisualStudioVersion = 15.0.26124.0
Project("{FAE04EC0-301F-11D3-BF4B-00C04F79EFBC}") = "test_gpio", "test_gpio.csproj", "{55672BE5-78F1-4170-8D46-F3F3B0A2D8CC}"
EndProject
Global
	GlobalSection(SolutionConfigurationPlatforms) = preSolution
		Debug|Any CPU = Debug|Any CPU
		Debug|x64 = Debug|x64
		Debug|x86 = Debug|x86
		Release|Any CPU = Release|Any CPU
		Release|x64 = Release|x64
		Release|x86 = Release|x86
	EndGlobalSection
	GlobalSection(SolutionProperties) = preSolution
		HideSolutionNode = FALSE
	EndGlobalSection
	GlobalSection(ProjectConfigurationPlatforms) = postSolution
		{55672BE5-78F1-4170-8D46-F3F3B0A2D8CC}.Debug|Any CPU.ActiveCfg = Debug|Any CPU
		{55672BE5-78F1-4170-8D46-F3F3B0A2D8CC}.Debug|Any CPU.Build.0 = Debug|Any CPU
		{55672BE5-78F1-4170-8D46-F3F3B0A2D8CC}.Debug|x64.ActiveCfg = Debug|Any CPU
		{55672BE5-78F1-4170-8D46-F3F3B0A2D8CC}.Debug|x64.Build.0 = Debug|Any CPU
		{55672BE5-78F1-4170-8D46-F3F3B0A2D8CC}.Debug|x86.ActiveCfg = Debug|Any CPU
		{55672BE5-78F1-4170-8D46-F3F3B0A2D8CC}.Debug|x86.Build.0 = Debug|Any CPU
		{55672BE5-78F1-4170-8D46-F3F3B0A2D8CC}.Release|Any CPU.ActiveCfg = Release|Any CPU
		{55672BE5-78F1-4170-8D46-F3F3B0A2D8CC}.Release|Any CPU.Build.0 = Release|Any CPU
		{55672BE5-78F1-4170-8D46-F3F3B0A2D8CC}.Release|x64.ActiveCfg = Release|Any CPU
		{55672BE5-78F1-4170-8D46-F3F3B0A2D8CC}.Release|x64.Build.0 = Release|Any CPU
		{55672BE5-78F1-4170-8D46-F3F3B0A2D8CC}.Release|x86.ActiveCfg = Release|Any CPU
		{55672BE5-78F1-4170-8D46-F3F3B0A2D8CC}.Release|x86.Build.0 = Release|Any CPU
	EndGlobalSection
EndGlobal
